
Microsoft Visual Studio Solution File, Format Version 12.00
# Visual Studio Version 16
VisualStudioVersion = 16.0.31624.102
MinimumVisualStudioVersion = 10.0.40219.1
Project("{FAE04EC0-301F-11D3-BF4B-00C04F79EFBC}") = "22.9.2021", "22.9.2021\22.9.2021.csproj", "{E32C91FF-90D1-45EF-A68A-205FF66B3ACC}"
EndProject
Global
	GlobalSection(SolutionConfigurationPlatforms) = preSolution
		Debug|Any CPU = Debug|Any CPU
		Release|Any CPU = Release|Any CPU
	EndGlobalSection
	GlobalSection(ProjectConfigurationPlatforms) = postSolution
		{E32C91FF-90D1-45EF-A68A-205FF66B3ACC}.Debug|Any CPU.ActiveCfg = Debug|Any CPU
		{E32C91FF-90D1-45EF-A68A-205FF66B3ACC}.Debug|Any CPU.Build.0 = Debug|Any CPU
		{E32C91FF-90D1-45EF-A68A-205FF66B3ACC}.Release|Any CPU.ActiveCfg = Release|Any CPU
		{E32C91FF-90D1-45EF-A68A-205FF66B3ACC}.Release|Any CPU.Build.0 = Release|Any CPU
	EndGlobalSection
	GlobalSection(SolutionProperties) = preSolution
		HideSolutionNode = FALSE
	EndGlobalSection
	GlobalSection(ExtensibilityGlobals) = postSolution
		SolutionGuid = {A43D0844-584E-4F23-9536-9A5019B24CE6}
	EndGlobalSection
EndGlobal
